
Microsoft Visual Studio Solution File, Format Version 12.00
# Visual Studio 15
VisualStudioVersion = 15.0.26430.6
MinimumVisualStudioVersion = 10.0.40219.1
Project("{FAE04EC0-301F-11D3-BF4B-00C04F79EFBC}") = "Movies.Web", "Movies\Movies.Web.csproj", "{9EA48739-5E2B-49DC-A3D8-A896ECDAAD0A}"
EndProject
Project("{2150E333-8FDC-42A3-9474-1A3956D46DE8}") = "Auth", "Auth", "{C30182D2-FB86-4A51-B225-B5C50FE466C3}"
EndProject
Project("{FAE04EC0-301F-11D3-BF4B-00C04F79EFBC}") = "Movies.Auth", "Movies.Auth\Movies.Auth.csproj", "{FF0EE1FE-1477-4A31-8E06-355A2AF9A495}"
EndProject
Project("{2150E333-8FDC-42A3-9474-1A3956D46DE8}") = "Core", "Core", "{00D410C4-01E5-498F-ADF8-FC7534056E51}"
EndProject
Project("{FAE04EC0-301F-11D3-BF4B-00C04F79EFBC}") = "Movies.Core", "Movies.Core\Movies.Core.csproj", "{09E9916A-4EDA-44A6-8B6D-091E514CB473}"
EndProject
Project("{FAE04EC0-301F-11D3-BF4B-00C04F79EFBC}") = "Movies.Core.Models", "Movies.Core.Models\Movies.Core.Models.csproj", "{6F111302-9D2D-4B7B-AE84-06624F0E01D5}"
EndProject
Project("{FAE04EC0-301F-11D3-BF4B-00C04F79EFBC}") = "Movies.Core.ViewModels", "Movies.Core.ViewModels\Movies.Core.ViewModels.csproj", "{5D77F4DD-126C-41AC-A3F1-41BAD8D033D0}"
EndProject
Project("{2150E333-8FDC-42A3-9474-1A3956D46DE8}") = "Infrastructure", "Infrastructure", "{74A7A3C8-067A-4649-9F0D-36F892E1D6D9}"
EndProject
Project("{FAE04EC0-301F-11D3-BF4B-00C04F79EFBC}") = "Movies.Infrastructure", "Movies.Infrastructure\Movies.Infrastructure.csproj", "{F97476DC-8B02-48DC-8C0E-D10CCDAAAB64}"
EndProject
Project("{2150E333-8FDC-42A3-9474-1A3956D46DE8}") = "Persistence", "Persistence", "{B0656893-87F4-490A-80E9-9D4AE26BFE9D}"
EndProject
Project("{FAE04EC0-301F-11D3-BF4B-00C04F79EFBC}") = "Movies.Persistence.Data", "Movies.Persistence.Data\Movies.Persistence.Data.csproj", "{4EBC5522-61F0-4013-A51C-4BE21E1F4C57}"
EndProject
Project("{2150E333-8FDC-42A3-9474-1A3956D46DE8}") = "Services", "Services", "{0977B384-016B-4796-A5DE-748B18740F98}"
EndProject
Project("{FAE04EC0-301F-11D3-BF4B-00C04F79EFBC}") = "Movies.Services", "Movies.Services\Movies.Services.csproj", "{437E1D1A-D97E-4ACC-BF3A-2C0A7742CC39}"
EndProject
Project("{2150E333-8FDC-42A3-9474-1A3956D46DE8}") = "Web", "Web", "{A1EF8669-2C48-4549-9694-F4999801083A}"
EndProject
Project("{2150E333-8FDC-42A3-9474-1A3956D46DE8}") = "Coverage", "Coverage", "{3374AC10-EC7A-4C04-BA6D-3A75AF286422}"
EndProject
Project("{FAE04EC0-301F-11D3-BF4B-00C04F79EFBC}") = "Movies.Coverage", "Movies.Coverage\Movies.Coverage.csproj", "{C644D840-D61F-4F6D-B99F-6FFC0B3CDF3D}"
EndProject
Project("{2150E333-8FDC-42A3-9474-1A3956D46DE8}") = "Tests", "Tests", "{56490981-8E32-4133-AC14-3820850E1D59}"
EndProject
Project("{FAE04EC0-301F-11D3-BF4B-00C04F79EFBC}") = "Movies.Tests.UnitTests", "Movies.Tests.UnitTests\Movies.Tests.UnitTests.csproj", "{F93EC8CB-E858-4738-887C-99C7119AE64E}"
EndProject
Project("{FAE04EC0-301F-11D3-BF4B-00C04F79EFBC}") = "Movies.Tests.IntegrationTests", "Movies.Tests.IntegrationTests\Movies.Tests.IntegrationTests.csproj", "{5B81A05F-37BA-4B7F-A9A0-BDDD8588F93E}"
EndProject
Project("{2150E333-8FDC-42A3-9474-1A3956D46DE8}") = "Common", "Common", "{774ED81F-BB27-468D-A194-6E8F1085D75A}"
EndProject
Project("{FAE04EC0-301F-11D3-BF4B-00C04F79EFBC}") = "Movies.Common", "Movies.Common\Movies.Common.csproj", "{DC76D796-73F6-49F4-B120-7275F0D8123F}"
EndProject
Global
	GlobalSection(SolutionConfigurationPlatforms) = preSolution
		Debug|Any CPU = Debug|Any CPU
		Release|Any CPU = Release|Any CPU
	EndGlobalSection
	GlobalSection(ProjectConfigurationPlatforms) = postSolution
		{9EA48739-5E2B-49DC-A3D8-A896ECDAAD0A}.Debug|Any CPU.ActiveCfg = Debug|Any CPU
		{9EA48739-5E2B-49DC-A3D8-A896ECDAAD0A}.Debug|Any CPU.Build.0 = Debug|Any CPU
		{9EA48739-5E2B-49DC-A3D8-A896ECDAAD0A}.Release|Any CPU.ActiveCfg = Release|Any CPU
		{9EA48739-5E2B-49DC-A3D8-A896ECDAAD0A}.Release|Any CPU.Build.0 = Release|Any CPU
		{FF0EE1FE-1477-4A31-8E06-355A2AF9A495}.Debug|Any CPU.ActiveCfg = Debug|Any CPU
		{FF0EE1FE-1477-4A31-8E06-355A2AF9A495}.Debug|Any CPU.Build.0 = Debug|Any CPU
		{FF0EE1FE-1477-4A31-8E06-355A2AF9A495}.Release|Any CPU.ActiveCfg = Release|Any CPU
		{FF0EE1FE-1477-4A31-8E06-355A2AF9A495}.Release|Any CPU.Build.0 = Release|Any CPU
		{09E9916A-4EDA-44A6-8B6D-091E514CB473}.Debug|Any CPU.ActiveCfg = Debug|Any CPU
		{09E9916A-4EDA-44A6-8B6D-091E514CB473}.Debug|Any CPU.Build.0 = Debug|Any CPU
		{09E9916A-4EDA-44A6-8B6D-091E514CB473}.Release|Any CPU.ActiveCfg = Release|Any CPU
		{09E9916A-4EDA-44A6-8B6D-091E514CB473}.Release|Any CPU.Build.0 = Release|Any CPU
		{6F111302-9D2D-4B7B-AE84-06624F0E01D5}.Debug|Any CPU.ActiveCfg = Debug|Any CPU
		{6F111302-9D2D-4B7B-AE84-06624F0E01D5}.Debug|Any CPU.Build.0 = Debug|Any CPU
		{6F111302-9D2D-4B7B-AE84-06624F0E01D5}.Release|Any CPU.ActiveCfg = Release|Any CPU
		{6F111302-9D2D-4B7B-AE84-06624F0E01D5}.Release|Any CPU.Build.0 = Release|Any CPU
		{5D77F4DD-126C-41AC-A3F1-41BAD8D033D0}.Debug|Any CPU.ActiveCfg = Debug|Any CPU
		{5D77F4DD-126C-41AC-A3F1-41BAD8D033D0}.Debug|Any CPU.Build.0 = Debug|Any CPU
		{5D77F4DD-126C-41AC-A3F1-41BAD8D033D0}.Release|Any CPU.ActiveCfg = Release|Any CPU
		{5D77F4DD-126C-41AC-A3F1-41BAD8D033D0}.Release|Any CPU.Build.0 = Release|Any CPU
		{F97476DC-8B02-48DC-8C0E-D10CCDAAAB64}.Debug|Any CPU.ActiveCfg = Debug|Any CPU
		{F97476DC-8B02-48DC-8C0E-D10CCDAAAB64}.Debug|Any CPU.Build.0 = Debug|Any CPU
		{F97476DC-8B02-48DC-8C0E-D10CCDAAAB64}.Release|Any CPU.ActiveCfg = Release|Any CPU
		{F97476DC-8B02-48DC-8C0E-D10CCDAAAB64}.Release|Any CPU.Build.0 = Release|Any CPU
		{4EBC5522-61F0-4013-A51C-4BE21E1F4C57}.Debug|Any CPU.ActiveCfg = Debug|Any CPU
		{4EBC5522-61F0-4013-A51C-4BE21E1F4C57}.Debug|Any CPU.Build.0 = Debug|Any CPU
		{4EBC5522-61F0-4013-A51C-4BE21E1F4C57}.Release|Any CPU.ActiveCfg = Release|Any CPU
		{4EBC5522-61F0-4013-A51C-4BE21E1F4C57}.Release|Any CPU.Build.0 = Release|Any CPU
		{437E1D1A-D97E-4ACC-BF3A-2C0A7742CC39}.Debug|Any CPU.ActiveCfg = Debug|Any CPU
		{437E1D1A-D97E-4ACC-BF3A-2C0A7742CC39}.Debug|Any CPU.Build.0 = Debug|Any CPU
		{437E1D1A-D97E-4ACC-BF3A-2C0A7742CC39}.Release|Any CPU.ActiveCfg = Release|Any CPU
		{437E1D1A-D97E-4ACC-BF3A-2C0A7742CC39}.Release|Any CPU.Build.0 = Release|Any CPU
		{C644D840-D61F-4F6D-B99F-6FFC0B3CDF3D}.Debug|Any CPU.ActiveCfg = Debug|Any CPU
		{C644D840-D61F-4F6D-B99F-6FFC0B3CDF3D}.Debug|Any CPU.Build.0 = Debug|Any CPU
		{C644D840-D61F-4F6D-B99F-6FFC0B3CDF3D}.Release|Any CPU.ActiveCfg = Release|Any CPU
		{C644D840-D61F-4F6D-B99F-6FFC0B3CDF3D}.Release|Any CPU.Build.0 = Release|Any CPU
		{F93EC8CB-E858-4738-887C-99C7119AE64E}.Debug|Any CPU.ActiveCfg = Debug|Any CPU
		{F93EC8CB-E858-4738-887C-99C7119AE64E}.Debug|Any CPU.Build.0 = Debug|Any CPU
		{F93EC8CB-E858-4738-887C-99C7119AE64E}.Release|Any CPU.ActiveCfg = Release|Any CPU
		{F93EC8CB-E858-4738-887C-99C7119AE64E}.Release|Any CPU.Build.0 = Release|Any CPU
		{5B81A05F-37BA-4B7F-A9A0-BDDD8588F93E}.Debug|Any CPU.ActiveCfg = Debug|Any CPU
		{5B81A05F-37BA-4B7F-A9A0-BDDD8588F93E}.Debug|Any CPU.Build.0 = Debug|Any CPU
		{5B81A05F-37BA-4B7F-A9A0-BDDD8588F93E}.Release|Any CPU.ActiveCfg = Release|Any CPU
		{5B81A05F-37BA-4B7F-A9A0-BDDD8588F93E}.Release|Any CPU.Build.0 = Release|Any CPU
		{DC76D796-73F6-49F4-B120-7275F0D8123F}.Debug|Any CPU.ActiveCfg = Debug|Any CPU
		{DC76D796-73F6-49F4-B120-7275F0D8123F}.Debug|Any CPU.Build.0 = Debug|Any CPU
		{DC76D796-73F6-49F4-B120-7275F0D8123F}.Release|Any CPU.ActiveCfg = Release|Any CPU
		{DC76D796-73F6-49F4-B120-7275F0D8123F}.Release|Any CPU.Build.0 = Release|Any CPU
	EndGlobalSection
	GlobalSection(SolutionProperties) = preSolution
		HideSolutionNode = FALSE
	EndGlobalSection
	GlobalSection(NestedProjects) = preSolution
		{9EA48739-5E2B-49DC-A3D8-A896ECDAAD0A} = {A1EF8669-2C48-4549-9694-F4999801083A}
		{FF0EE1FE-1477-4A31-8E06-355A2AF9A495} = {C30182D2-FB86-4A51-B225-B5C50FE466C3}
		{09E9916A-4EDA-44A6-8B6D-091E514CB473} = {00D410C4-01E5-498F-ADF8-FC7534056E51}
		{6F111302-9D2D-4B7B-AE84-06624F0E01D5} = {00D410C4-01E5-498F-ADF8-FC7534056E51}
		{5D77F4DD-126C-41AC-A3F1-41BAD8D033D0} = {00D410C4-01E5-498F-ADF8-FC7534056E51}
		{F97476DC-8B02-48DC-8C0E-D10CCDAAAB64} = {74A7A3C8-067A-4649-9F0D-36F892E1D6D9}
		{4EBC5522-61F0-4013-A51C-4BE21E1F4C57} = {B0656893-87F4-490A-80E9-9D4AE26BFE9D}
		{437E1D1A-D97E-4ACC-BF3A-2C0A7742CC39} = {0977B384-016B-4796-A5DE-748B18740F98}
		{C644D840-D61F-4F6D-B99F-6FFC0B3CDF3D} = {3374AC10-EC7A-4C04-BA6D-3A75AF286422}
		{F93EC8CB-E858-4738-887C-99C7119AE64E} = {56490981-8E32-4133-AC14-3820850E1D59}
		{5B81A05F-37BA-4B7F-A9A0-BDDD8588F93E} = {56490981-8E32-4133-AC14-3820850E1D59}
		{DC76D796-73F6-49F4-B120-7275F0D8123F} = {774ED81F-BB27-468D-A194-6E8F1085D75A}
	EndGlobalSection
EndGlobal
